// !$*UTF8*$!
{
	archiveVersion = 1;
	classes = {
	};
	objectVersion = 56;
	objects = {

/* Begin PBXBuildFile section */
		C33A0C802C1E5CDB003ED404 /* Belmont_HealthApp.swift in Sources */ = {isa = PBXBuildFile; fileRef = C33A0C7F2C1E5CDB003ED404 /* Belmont_HealthApp.swift */; };
		C33A0C822C1E5CDB003ED404 /* ContentView.swift in Sources */ = {isa = PBXBuildFile; fileRef = C33A0C812C1E5CDB003ED404 /* ContentView.swift */; };
		C33A0C842C1E5CDC003ED404 /* Assets.xcassets in Resources */ = {isa = PBXBuildFile; fileRef = C33A0C832C1E5CDC003ED404 /* Assets.xcassets */; };
		C33A0C872C1E5CDC003ED404 /* Preview Assets.xcassets in Resources */ = {isa = PBXBuildFile; fileRef = C33A0C862C1E5CDC003ED404 /* Preview Assets.xcassets */; };
		C33A0C912C1E5CDC003ED404 /* Belmont_HealthTests.swift in Sources */ = {isa = PBXBuildFile; fileRef = C33A0C902C1E5CDC003ED404 /* Belmont_HealthTests.swift */; };
		C33A0C9B2C1E5CDC003ED404 /* Belmont_HealthUITests.swift in Sources */ = {isa = PBXBuildFile; fileRef = C33A0C9A2C1E5CDC003ED404 /* Belmont_HealthUITests.swift */; };
		C33A0C9D2C1E5CDC003ED404 /* Belmont_HealthUITestsLaunchTests.swift in Sources */ = {isa = PBXBuildFile; fileRef = C33A0C9C2C1E5CDC003ED404 /* Belmont_HealthUITestsLaunchTests.swift */; };
/* End PBXBuildFile section */

/* Begin PBXContainerItemProxy section */
		C33A0C8D2C1E5CDC003ED404 /* PBXContainerItemProxy */ = {
			isa = PBXContainerItemProxy;
			containerPortal = C33A0C742C1E5CDB003ED404 /* Project object */;
			proxyType = 1;
			remoteGlobalIDString = C33A0C7B2C1E5CDB003ED404;
			remoteInfo = "Belmont Health";
		};
		C33A0C972C1E5CDC003ED404 /* PBXContainerItemProxy */ = {
			isa = PBXContainerItemProxy;
			containerPortal = C33A0C742C1E5CDB003ED404 /* Project object */;
			proxyType = 1;
			remoteGlobalIDString = C33A0C7B2C1E5CDB003ED404;
			remoteInfo = "Belmont Health";
		};
/* End PBXContainerItemProxy section */

/* Begin PBXFileReference section */
		C33A0C7C2C1E5CDB003ED404 /* Belmont Health.app */ = {isa = PBXFileReference; explicitFileType = wrapper.application; includeInIndex = 0; path = "Belmont Health.app"; sourceTree = BUILT_PRODUCTS_DIR; };
		C33A0C7F2C1E5CDB003ED404 /* Belmont_HealthApp.swift */ = {isa = PBXFileReference; lastKnownFileType = sourcecode.swift; path = Belmont_HealthApp.swift; sourceTree = "<group>"; };
		C33A0C812C1E5CDB003ED404 /* ContentView.swift */ = {isa = PBXFileReference; lastKnownFileType = sourcecode.swift; path = ContentView.swift; sourceTree = "<group>"; };
		C33A0C832C1E5CDC003ED404 /* Assets.xcassets */ = {isa = PBXFileReference; lastKnownFileType = folder.assetcatalog; path = Assets.xcassets; sourceTree = "<group>"; };
		C33A0C862C1E5CDC003ED404 /* Preview Assets.xcassets */ = {isa = PBXFileReference; lastKnownFileType = folder.assetcatalog; path = "Preview Assets.xcassets"; sourceTree = "<group>"; };
		C33A0C8C2C1E5CDC003ED404 /* Belmont HealthTests.xctest */ = {isa = PBXFileReference; explicitFileType = wrapper.cfbundle; includeInIndex = 0; path = "Belmont HealthTests.xctest"; sourceTree = BUILT_PRODUCTS_DIR; };
		C33A0C902C1E5CDC003ED404 /* Belmont_HealthTests.swift */ = {isa = PBXFileReference; lastKnownFileType = sourcecode.swift; path = Belmont_HealthTests.swift; sourceTree = "<group>"; };
		C33A0C962C1E5CDC003ED404 /* Belmont HealthUITests.xctest */ = {isa = PBXFileReference; explicitFileType = wrapper.cfbundle; includeInIndex = 0; path = "Belmont HealthUITests.xctest"; sourceTree = BUILT_PRODUCTS_DIR; };
		C33A0C9A2C1E5CDC003ED404 /* Belmont_HealthUITests.swift */ = {isa = PBXFileReference; lastKnownFileType = sourcecode.swift; path = Belmont_HealthUITests.swift; sourceTree = "<group>"; };
		C33A0C9C2C1E5CDC003ED404 /* Belmont_HealthUITestsLaunchTests.swift */ = {isa = PBXFileReference; lastKnownFileType = sourcecode.swift; path = Belmont_HealthUITestsLaunchTests.swift; sourceTree = "<group>"; };
/* End PBXFileReference section */

/* Begin PBXFrameworksBuildPhase section */
		C33A0C792C1E5CDB003ED404 /* Frameworks */ = {
			isa = PBXFrameworksBuildPhase;
			buildActionMask = 2147483647;
			files = (
			);
			runOnlyForDeploymentPostprocessing = 0;
		};
		C33A0C892C1E5CDC003ED404 /* Frameworks */ = {
			isa = PBXFrameworksBuildPhase;
			buildActionMask = 2147483647;
			files = (
			);
			runOnlyForDeploymentPostprocessing = 0;
		};
		C33A0C932C1E5CDC003ED404 /* Frameworks */ = {
			isa = PBXFrameworksBuildPhase;
			buildActionMask = 2147483647;
			files = (
			);
			runOnlyForDeploymentPostprocessing = 0;
		};
/* End PBXFrameworksBuildPhase section */

/* Begin PBXGroup section */
		C33A0C732C1E5CDB003ED404 = {
			isa = PBXGroup;
			children = (
				C33A0C7E2C1E5CDB003ED404 /* Belmont Health */,
				C33A0C8F2C1E5CDC003ED404 /* Belmont HealthTests */,
				C33A0C992C1E5CDC003ED404 /* Belmont HealthUITests */,
				C33A0C7D2C1E5CDB003ED404 /* Products */,
			);
			sourceTree = "<group>";
		};
		C33A0C7D2C1E5CDB003ED404 /* Products */ = {
			isa = PBXGroup;
			children = (
				C33A0C7C2C1E5CDB003ED404 /* Belmont Health.app */,
				C33A0C8C2C1E5CDC003ED404 /* Belmont HealthTests.xctest */,
				C33A0C962C1E5CDC003ED404 /* Belmont HealthUITests.xctest */,
			);
			name = Products;
			sourceTree = "<group>";
		};
		C33A0C7E2C1E5CDB003ED404 /* Belmont Health */ = {
			isa = PBXGroup;
			children = (
				C33A0C7F2C1E5CDB003ED404 /* Belmont_HealthApp.swift */,
				C33A0C812C1E5CDB003ED404 /* ContentView.swift */,
				C33A0C832C1E5CDC003ED404 /* Assets.xcassets */,
				C33A0C852C1E5CDC003ED404 /* Preview Content */,
			);
			path = "Belmont Health";
			sourceTree = "<group>";
		};
		C33A0C852C1E5CDC003ED404 /* Preview Content */ = {
			isa = PBXGroup;
			children = (
				C33A0C862C1E5CDC003ED404 /* Preview Assets.xcassets */,
			);
			path = "Preview Content";
			sourceTree = "<group>";
		};
		C33A0C8F2C1E5CDC003ED404 /* Belmont HealthTests */ = {
			isa = PBXGroup;
			children = (
				C33A0C902C1E5CDC003ED404 /* Belmont_HealthTests.swift */,
			);
			path = "Belmont HealthTests";
			sourceTree = "<group>";
		};
		C33A0C992C1E5CDC003ED404 /* Belmont HealthUITests */ = {
			isa = PBXGroup;
			children = (
				C33A0C9A2C1E5CDC003ED404 /* Belmont_HealthUITests.swift */,
				C33A0C9C2C1E5CDC003ED404 /* Belmont_HealthUITestsLaunchTests.swift */,
			);
			path = "Belmont HealthUITests";
			sourceTree = "<group>";
		};
/* End PBXGroup section */

/* Begin PBXNativeTarget section */
		C33A0C7B2C1E5CDB003ED404 /* Belmont Health */ = {
			isa = PBXNativeTarget;
			buildConfigurationList = C33A0CA02C1E5CDC003ED404 /* Build configuration list for PBXNativeTarget "Belmont Health" */;
			buildPhases = (
				C33A0C782C1E5CDB003ED404 /* Sources */,
				C33A0C792C1E5CDB003ED404 /* Frameworks */,
				C33A0C7A2C1E5CDB003ED404 /* Resources */,
			);
			buildRules = (
			);
			dependencies = (
			);
			name = "Belmont Health";
			productName = "Belmont Health";
			productReference = C33A0C7C2C1E5CDB003ED404 /* Belmont Health.app */;
			productType = "com.apple.product-type.application";
		};
		C33A0C8B2C1E5CDC003ED404 /* Belmont HealthTests */ = {
			isa = PBXNativeTarget;
			buildConfigurationList = C33A0CA32C1E5CDC003ED404 /* Build configuration list for PBXNativeTarget "Belmont HealthTests" */;
			buildPhases = (
				C33A0C882C1E5CDC003ED404 /* Sources */,
				C33A0C892C1E5CDC003ED404 /* Frameworks */,
				C33A0C8A2C1E5CDC003ED404 /* Resources */,
			);
			buildRules = (
			);
			dependencies = (
				C33A0C8E2C1E5CDC003ED404 /* PBXTargetDependency */,
			);
			name = "Belmont HealthTests";
			productName = "Belmont HealthTests";
			productReference = C33A0C8C2C1E5CDC003ED404 /* Belmont HealthTests.xctest */;
			productType = "com.apple.product-type.bundle.unit-test";
		};
		C33A0C952C1E5CDC003ED404 /* Belmont HealthUITests */ = {
			isa = PBXNativeTarget;
			buildConfigurationList = C33A0CA62C1E5CDC003ED404 /* Build configuration list for PBXNativeTarget "Belmont HealthUITests" */;
			buildPhases = (
				C33A0C922C1E5CDC003ED404 /* Sources */,
				C33A0C932C1E5CDC003ED404 /* Frameworks */,
				C33A0C942C1E5CDC003ED404 /* Resources */,
			);
			buildRules = (
			);
			dependencies = (
				C33A0C982C1E5CDC003ED404 /* PBXTargetDependency */,
			);
			name = "Belmont HealthUITests";
			productName = "Belmont HealthUITests";
			productReference = C33A0C962C1E5CDC003ED404 /* Belmont HealthUITests.xctest */;
			productType = "com.apple.product-type.bundle.ui-testing";
		};
/* End PBXNativeTarget section */

/* Begin PBXProject section */
		C33A0C742C1E5CDB003ED404 /* Project object */ = {
			isa = PBXProject;
			attributes = {
				BuildIndependentTargetsInParallel = 1;
				LastSwiftUpdateCheck = 1530;
				LastUpgradeCheck = 1530;
				TargetAttributes = {
					C33A0C7B2C1E5CDB003ED404 = {
						CreatedOnToolsVersion = 15.3;
					};
					C33A0C8B2C1E5CDC003ED404 = {
						CreatedOnToolsVersion = 15.3;
						TestTargetID = C33A0C7B2C1E5CDB003ED404;
					};
					C33A0C952C1E5CDC003ED404 = {
						CreatedOnToolsVersion = 15.3;
						TestTargetID = C33A0C7B2C1E5CDB003ED404;
					};
				};
			};
			buildConfigurationList = C33A0C772C1E5CDB003ED404 /* Build configuration list for PBXProject "Belmont Health" */;
			compatibilityVersion = "Xcode 14.0";
			developmentRegion = en;
			hasScannedForEncodings = 0;
			knownRegions = (
				en,
				Base,
			);
			mainGroup = C33A0C732C1E5CDB003ED404;
			productRefGroup = C33A0C7D2C1E5CDB003ED404 /* Products */;
			projectDirPath = "";
			projectRoot = "";
			targets = (
				C33A0C7B2C1E5CDB003ED404 /* Belmont Health */,
				C33A0C8B2C1E5CDC003ED404 /* Belmont HealthTests */,
				C33A0C952C1E5CDC003ED404 /* Belmont HealthUITests */,
			);
		};
/* End PBXProject section */

/* Begin PBXResourcesBuildPhase section */
		C33A0C7A2C1E5CDB003ED404 /* Resources */ = {
			isa = PBXResourcesBuildPhase;
			buildActionMask = 2147483647;
			files = (
				C33A0C872C1E5CDC003ED404 /* Preview Assets.xcassets in Resources */,
				C33A0C842C1E5CDC003ED404 /* Assets.xcassets in Resources */,
			);
			runOnlyForDeploymentPostprocessing = 0;
		};
		C33A0C8A2C1E5CDC003ED404 /* Resources */ = {
			isa = PBXResourcesBuildPhase;
			buildActionMask = 2147483647;
			files = (
			);
			runOnlyForDeploymentPostprocessing = 0;
		};
		C33A0C942C1E5CDC003ED404 /* Resources */ = {
			isa = PBXResourcesBuildPhase;
			buildActionMask = 2147483647;
			files = (
			);
			runOnlyForDeploymentPostprocessing = 0;
		};
/* End PBXResourcesBuildPhase section */

/* Begin PBXSourcesBuildPhase section */
		C33A0C782C1E5CDB003ED404 /* Sources */ = {
			isa = PBXSourcesBuildPhase;
			buildActionMask = 2147483647;
			files = (
				C33A0C822C1E5CDB003ED404 /* ContentView.swift in Sources */,
				C33A0C802C1E5CDB003ED404 /* Belmont_HealthApp.swift in Sources */,
			);
			runOnlyForDeploymentPostprocessing = 0;
		};
		C33A0C882C1E5CDC003ED404 /* Sources */ = {
			isa = PBXSourcesBuildPhase;
			buildActionMask = 2147483647;
			files = (
				C33A0C912C1E5CDC003ED404 /* Belmont_HealthTests.swift in Sources */,
			);
			runOnlyForDeploymentPostprocessing = 0;
		};
		C33A0C922C1E5CDC003ED404 /* Sources */ = {
			isa = PBXSourcesBuildPhase;
			buildActionMask = 2147483647;
			files = (
				C33A0C9D2C1E5CDC003ED404 /* Belmont_HealthUITestsLaunchTests.swift in Sources */,
				C33A0C9B2C1E5CDC003ED404 /* Belmont_HealthUITests.swift in Sources */,
			);
			runOnlyForDeploymentPostprocessing = 0;
		};
/* End PBXSourcesBuildPhase section */

/* Begin PBXTargetDependency section */
		C33A0C8E2C1E5CDC003ED404 /* PBXTargetDependency */ = {
			isa = PBXTargetDependency;
			target = C33A0C7B2C1E5CDB003ED404 /* Belmont Health */;
			targetProxy = C33A0C8D2C1E5CDC003ED404 /* PBXContainerItemProxy */;
		};
		C33A0C982C1E5CDC003ED404 /* PBXTargetDependency */ = {
			isa = PBXTargetDependency;
			target = C33A0C7B2C1E5CDB003ED404 /* Belmont Health */;
			targetProxy = C33A0C972C1E5CDC003ED404 /* PBXContainerItemProxy */;
		};
/* End PBXTargetDependency section */

/* Begin XCBuildConfiguration section */
		C33A0C9E2C1E5CDC003ED404 /* Debug */ = {
			isa = XCBuildConfiguration;
			buildSettings = {
				ALWAYS_SEARCH_USER_PATHS = NO;
				ASSETCATALOG_COMPILER_GENERATE_SWIFT_ASSET_SYMBOL_EXTENSIONS = YES;
				CLANG_ANALYZER_NONNULL = YES;
				CLANG_ANALYZER_NUMBER_OBJECT_CONVERSION = YES_AGGRESSIVE;
				CLANG_CXX_LANGUAGE_STANDARD = "gnu++20";
				CLANG_ENABLE_MODULES = YES;
				CLANG_ENABLE_OBJC_ARC = YES;
				CLANG_ENABLE_OBJC_WEAK = YES;
				CLANG_WARN_BLOCK_CAPTURE_AUTORELEASING = YES;
				CLANG_WARN_BOOL_CONVERSION = YES;
				CLANG_WARN_COMMA = YES;
				CLANG_WARN_CONSTANT_CONVERSION = YES;
				CLANG_WARN_DEPRECATED_OBJC_IMPLEMENTATIONS = YES;
				CLANG_WARN_DIRECT_OBJC_ISA_USAGE = YES_ERROR;
				CLANG_WARN_DOCUMENTATION_COMMENTS = YES;
				CLANG_WARN_EMPTY_BODY = YES;
				CLANG_WARN_ENUM_CONVERSION = YES;
				CLANG_WARN_INFINITE_RECURSION = YES;
				CLANG_WARN_INT_CONVERSION = YES;
				CLANG_WARN_NON_LITERAL_NULL_CONVERSION = YES;
				CLANG_WARN_OBJC_IMPLICIT_RETAIN_SELF = YES;
				CLANG_WARN_OBJC_LITERAL_CONVERSION = YES;
				CLANG_WARN_OBJC_ROOT_CLASS = YES_ERROR;
				CLANG_WARN_QUOTED_INCLUDE_IN_FRAMEWORK_HEADER = YES;
				CLANG_WARN_RANGE_LOOP_ANALYSIS = YES;
				CLANG_WARN_STRICT_PROTOTYPES = YES;
				CLANG_WARN_SUSPICIOUS_MOVE = YES;
				CLANG_WARN_UNGUARDED_AVAILABILITY = YES_AGGRESSIVE;
				CLANG_WARN_UNREACHABLE_CODE = YES;
				CLANG_WARN__DUPLICATE_METHOD_MATCH = YES;
				COPY_PHASE_STRIP = NO;
				DEBUG_INFORMATION_FORMAT = dwarf;
				ENABLE_STRICT_OBJC_MSGSEND = YES;
				ENABLE_TESTABILITY = YES;
				ENABLE_USER_SCRIPT_SANDBOXING = YES;
				GCC_C_LANGUAGE_STANDARD = gnu17;
				GCC_DYNAMIC_NO_PIC = NO;
				GCC_NO_COMMON_BLOCKS = YES;
				GCC_OPTIMIZATION_LEVEL = 0;
				GCC_PREPROCESSOR_DEFINITIONS = (
					"DEBUG=1",
					"$(inherited)",
				);
				GCC_WARN_64_TO_32_BIT_CONVERSION = YES;
				GCC_WARN_ABOUT_RETURN_TYPE = YES_ERROR;
				GCC_WARN_UNDECLARED_SELECTOR = YES;
				GCC_WARN_UNINITIALIZED_AUTOS = YES_AGGRESSIVE;
				GCC_WARN_UNUSED_FUNCTION = YES;
				GCC_WARN_UNUSED_VARIABLE = YES;
				IPHONEOS_DEPLOYMENT_TARGET = 17.4;
				LOCALIZATION_PREFERS_STRING_CATALOGS = YES;
				MTL_ENABLE_DEBUG_INFO = INCLUDE_SOURCE;
				MTL_FAST_MATH = YES;
				ONLY_ACTIVE_ARCH = YES;
				SDKROOT = iphoneos;
				SWIFT_ACTIVE_COMPILATION_CONDITIONS = "DEBUG $(inherited)";
				SWIFT_OPTIMIZATION_LEVEL = "-Onone";
			};
			name = Debug;
		};
		C33A0C9F2C1E5CDC003ED404 /* Release */ = {
			isa = XCBuildConfiguration;
			buildSettings = {
				ALWAYS_SEARCH_USER_PATHS = NO;
				ASSETCATALOG_COMPILER_GENERATE_SWIFT_ASSET_SYMBOL_EXTENSIONS = YES;
				CLANG_ANALYZER_NONNULL = YES;
				CLANG_ANALYZER_NUMBER_OBJECT_CONVERSION = YES_AGGRESSIVE;
				CLANG_CXX_LANGUAGE_STANDARD = "gnu++20";
				CLANG_ENABLE_MODULES = YES;
				CLANG_ENABLE_OBJC_ARC = YES;
				CLANG_ENABLE_OBJC_WEAK = YES;
				CLANG_WARN_BLOCK_CAPTURE_AUTORELEASING = YES;
				CLANG_WARN_BOOL_CONVERSION = YES;
				CLANG_WARN_COMMA = YES;
				CLANG_WARN_CONSTANT_CONVERSION = YES;
				CLANG_WARN_DEPRECATED_OBJC_IMPLEMENTATIONS = YES;
				CLANG_WARN_DIRECT_OBJC_ISA_USAGE = YES_ERROR;
				CLANG_WARN_DOCUMENTATION_COMMENTS = YES;
				CLANG_WARN_EMPTY_BODY = YES;
				CLANG_WARN_ENUM_CONVERSION = YES;
				CLANG_WARN_INFINITE_RECURSION = YES;
				CLANG_WARN_INT_CONVERSION = YES;
				CLANG_WARN_NON_LITERAL_NULL_CONVERSION = YES;
				CLANG_WARN_OBJC_IMPLICIT_RETAIN_SELF = YES;
				CLANG_WARN_OBJC_LITERAL_CONVERSION = YES;
				CLANG_WARN_OBJC_ROOT_CLASS = YES_ERROR;
				CLANG_WARN_QUOTED_INCLUDE_IN_FRAMEWORK_HEADER = YES;
				CLANG_WARN_RANGE_LOOP_ANALYSIS = YES;
				CLANG_WARN_STRICT_PROTOTYPES = YES;
				CLANG_WARN_SUSPICIOUS_MOVE = YES;
				CLANG_WARN_UNGUARDED_AVAILABILITY = YES_AGGRESSIVE;
				CLANG_WARN_UNREACHABLE_CODE = YES;
				CLANG_WARN__DUPLICATE_METHOD_MATCH = YES;
				COPY_PHASE_STRIP = NO;
				DEBUG_INFORMATION_FORMAT = "dwarf-with-dsym";
				ENABLE_NS_ASSERTIONS = NO;
				ENABLE_STRICT_OBJC_MSGSEND = YES;
				ENABLE_USER_SCRIPT_SANDBOXING = YES;
				GCC_C_LANGUAGE_STANDARD = gnu17;
				GCC_NO_COMMON_BLOCKS = YES;
				GCC_WARN_64_TO_32_BIT_CONVERSION = YES;
				GCC_WARN_ABOUT_RETURN_TYPE = YES_ERROR;
				GCC_WARN_UNDECLARED_SELECTOR = YES;
				GCC_WARN_UNINITIALIZED_AUTOS = YES_AGGRESSIVE;
				GCC_WARN_UNUSED_FUNCTION = YES;
				GCC_WARN_UNUSED_VARIABLE = YES;
				IPHONEOS_DEPLOYMENT_TARGET = 17.4;
				LOCALIZATION_PREFERS_STRING_CATALOGS = YES;
				MTL_ENABLE_DEBUG_INFO = NO;
				MTL_FAST_MATH = YES;
				SDKROOT = iphoneos;
				SWIFT_COMPILATION_MODE = wholemodule;
				VALIDATE_PRODUCT = YES;
			};
			name = Release;
		};
		C33A0CA12C1E5CDC003ED404 /* Debug */ = {
			isa = XCBuildConfiguration;
			buildSettings = {
				ASSETCATALOG_COMPILER_APPICON_NAME = AppIcon;
				ASSETCATALOG_COMPILER_GLOBAL_ACCENT_COLOR_NAME = AccentColor;
				CODE_SIGN_STYLE = Automatic;
				CURRENT_PROJECT_VERSION = 1;
				DEVELOPMENT_ASSET_PATHS = "\"Belmont Health/Preview Content\"";
				ENABLE_PREVIEWS = YES;
				GENERATE_INFOPLIST_FILE = YES;
				INFOPLIST_KEY_UIApplicationSceneManifest_Generation = YES;
				INFOPLIST_KEY_UIApplicationSupportsIndirectInputEvents = YES;
				INFOPLIST_KEY_UILaunchScreen_Generation = YES;
				INFOPLIST_KEY_UISupportedInterfaceOrientations_iPad = "UIInterfaceOrientationPortrait UIInterfaceOrientationPortraitUpsideDown UIInterfaceOrientationLandscapeLeft UIInterfaceOrientationLandscapeRight";
				INFOPLIST_KEY_UISupportedInterfaceOrientations_iPhone = "UIInterfaceOrientationPortrait UIInterfaceOrientationLandscapeLeft UIInterfaceOrientationLandscapeRight";
				LD_RUNPATH_SEARCH_PATHS = (
					"$(inherited)",
					"@executable_path/Frameworks",
				);
				MARKETING_VERSION = 1.0;
				PRODUCT_BUNDLE_IDENTIFIER = "Bunnyie.Belmont-Health";
				PRODUCT_NAME = "$(TARGET_NAME)";
				SWIFT_EMIT_LOC_STRINGS = YES;
				SWIFT_VERSION = 5.0;
				TARGETED_DEVICE_FAMILY = "1,2";
			};
			name = Debug;
		};
		C33A0CA22C1E5CDC003ED404 /* Release */ = {
			isa = XCBuildConfiguration;
			buildSettings = {
				ASSETCATALOG_COMPILER_APPICON_NAME = AppIcon;
				ASSETCATALOG_COMPILER_GLOBAL_ACCENT_COLOR_NAME = AccentColor;
				CODE_SIGN_STYLE = Automatic;
				CURRENT_PROJECT_VERSION = 1;
				DEVELOPMENT_ASSET_PATHS = "\"Belmont Health/Preview Content\"";
				ENABLE_PREVIEWS = YES;
				GENERATE_INFOPLIST_FILE = YES;
				INFOPLIST_KEY_UIApplicationSceneManifest_Generation = YES;
				INFOPLIST_KEY_UIApplicationSupportsIndirectInputEvents = YES;
				INFOPLIST_KEY_UILaunchScreen_Generation = YES;
				INFOPLIST_KEY_UISupportedInterfaceOrientations_iPad = "UIInterfaceOrientationPortrait UIInterfaceOrientationPortraitUpsideDown UIInterfaceOrientationLandscapeLeft UIInterfaceOrientationLandscapeRight";
				INFOPLIST_KEY_UISupportedInterfaceOrientations_iPhone = "UIInterfaceOrientationPortrait UIInterfaceOrientationLandscapeLeft UIInterfaceOrientationLandscapeRight";
				LD_RUNPATH_SEARCH_PATHS = (
					"$(inherited)",
					"@executable_path/Frameworks",
				);
				MARKETING_VERSION = 1.0;
				PRODUCT_BUNDLE_IDENTIFIER = "Bunnyie.Belmont-Health";
				PRODUCT_NAME = "$(TARGET_NAME)";
				SWIFT_EMIT_LOC_STRINGS = YES;
				SWIFT_VERSION = 5.0;
				TARGETED_DEVICE_FAMILY = "1,2";
			};
			name = Release;
		};
		C33A0CA42C1E5CDC003ED404 /* Debug */ = {
			isa = XCBuildConfiguration;
			buildSettings = {
				ALWAYS_EMBED_SWIFT_STANDARD_LIBRARIES = YES;
				BUNDLE_LOADER = "$(TEST_HOST)";
				CODE_SIGN_STYLE = Automatic;
				CURRENT_PROJECT_VERSION = 1;
				GENERATE_INFOPLIST_FILE = YES;
				IPHONEOS_DEPLOYMENT_TARGET = 17.4;
				MARKETING_VERSION = 1.0;
				PRODUCT_BUNDLE_IDENTIFIER = "Bunnyie.Belmont-HealthTests";
				PRODUCT_NAME = "$(TARGET_NAME)";
				SWIFT_EMIT_LOC_STRINGS = NO;
				SWIFT_VERSION = 5.0;
				TARGETED_DEVICE_FAMILY = "1,2";
				TEST_HOST = "$(BUILT_PRODUCTS_DIR)/Belmont Health.app/$(BUNDLE_EXECUTABLE_FOLDER_PATH)/Belmont Health";
			};
			name = Debug;
		};
		C33A0CA52C1E5CDC003ED404 /* Release */ = {
			isa = XCBuildConfiguration;
			buildSettings = {
				ALWAYS_EMBED_SWIFT_STANDARD_LIBRARIES = YES;
				BUNDLE_LOADER = "$(TEST_HOST)";
				CODE_SIGN_STYLE = Automatic;
				CURRENT_PROJECT_VERSION = 1;
				GENERATE_INFOPLIST_FILE = YES;
				IPHONEOS_DEPLOYMENT_TARGET = 17.4;
				MARKETING_VERSION = 1.0;
				PRODUCT_BUNDLE_IDENTIFIER = "Bunnyie.Belmont-HealthTests";
				PRODUCT_NAME = "$(TARGET_NAME)";
				SWIFT_EMIT_LOC_STRINGS = NO;
				SWIFT_VERSION = 5.0;
				TARGETED_DEVICE_FAMILY = "1,2";
				TEST_HOST = "$(BUILT_PRODUCTS_DIR)/Belmont Health.app/$(BUNDLE_EXECUTABLE_FOLDER_PATH)/Belmont Health";
			};
			name = Release;
		};
		C33A0CA72C1E5CDC003ED404 /* Debug */ = {
			isa = XCBuildConfiguration;
			buildSettings = {
				ALWAYS_EMBED_SWIFT_STANDARD_LIBRARIES = YES;
				CODE_SIGN_STYLE = Automatic;
				CURRENT_PROJECT_VERSION = 1;
				GENERATE_INFOPLIST_FILE = YES;
				MARKETING_VERSION = 1.0;
				PRODUCT_BUNDLE_IDENTIFIER = "Bunnyie.Belmont-HealthUITests";
				PRODUCT_NAME = "$(TARGET_NAME)";
				SWIFT_EMIT_LOC_STRINGS = NO;
				SWIFT_VERSION = 5.0;
				TARGETED_DEVICE_FAMILY = "1,2";
				TEST_TARGET_NAME = "Belmont Health";
			};
			name = Debug;
		};
		C33A0CA82C1E5CDC003ED404 /* Release */ = {
			isa = XCBuildConfiguration;
			buildSettings = {
				ALWAYS_EMBED_SWIFT_STANDARD_LIBRARIES = YES;
				CODE_SIGN_STYLE = Automatic;
				CURRENT_PROJECT_VERSION = 1;
				GENERATE_INFOPLIST_FILE = YES;
				MARKETING_VERSION = 1.0;
				PRODUCT_BUNDLE_IDENTIFIER = "Bunnyie.Belmont-HealthUITests";
				PRODUCT_NAME = "$(TARGET_NAME)";
				SWIFT_EMIT_LOC_STRINGS = NO;
				SWIFT_VERSION = 5.0;
				TARGETED_DEVICE_FAMILY = "1,2";
				TEST_TARGET_NAME = "Belmont Health";
			};
			name = Release;
		};
/* End XCBuildConfiguration section */

/* Begin XCConfigurationList section */
		C33A0C772C1E5CDB003ED404 /* Build configuration list for PBXProject "Belmont Health" */ = {
			isa = XCConfigurationList;
			buildConfigurations = (
				C33A0C9E2C1E5CDC003ED404 /* Debug */,
				C33A0C9F2C1E5CDC003ED404 /* Release */,
			);
			defaultConfigurationIsVisible = 0;
			defaultConfigurationName = Release;
		};
		C33A0CA02C1E5CDC003ED404 /* Build configuration list for PBXNativeTarget "Belmont Health" */ = {
			isa = XCConfigurationList;
			buildConfigurations = (
				C33A0CA12C1E5CDC003ED404 /* Debug */,
				C33A0CA22C1E5CDC003ED404 /* Release */,
			);
			defaultConfigurationIsVisible = 0;
			defaultConfigurationName = Release;
		};
		C33A0CA32C1E5CDC003ED404 /* Build configuration list for PBXNativeTarget "Belmont HealthTests" */ = {
			isa = XCConfigurationList;
			buildConfigurations = (
				C33A0CA42C1E5CDC003ED404 /* Debug */,
				C33A0CA52C1E5CDC003ED404 /* Release */,
			);
			defaultConfigurationIsVisible = 0;
			defaultConfigurationName = Release;
		};
		C33A0CA62C1E5CDC003ED404 /* Build configuration list for PBXNativeTarget "Belmont HealthUITests" */ = {
			isa = XCConfigurationList;
			buildConfigurations = (
				C33A0CA72C1E5CDC003ED404 /* Debug */,
				C33A0CA82C1E5CDC003ED404 /* Release */,
			);
			defaultConfigurationIsVisible = 0;
			defaultConfigurationName = Release;
		};
/* End XCConfigurationList section */
	};
	rootObject = C33A0C742C1E5CDB003ED404 /* Project object */;
}
